{
  "name": "software-defence-factory",
  "version": "0.3.4",
  "lockfileVersion": 3,
  "requires": true,
  "packages": {
    "": {
      "name": "software-defence-factory",
      "version": "0.3.4",
      "license": "MIT",
      "bin": {
        "software-defence-factory": "bin/software-defence-factory.mjs"
      },
      "engines": {
        "node": ">=22.13.0"
      }
    }
  }
}
