{
  "name": "arcitai-factory",
  "version": "0.2.0",
  "lockfileVersion": 3,
  "requires": true,
  "packages": {
    "": {
      "name": "arcitai-factory",
      "version": "0.2.0",
      "license": "MIT",
      "bin": {
        "arcitai-factory": "bin/arcitai-factory.mjs"
      },
      "engines": {
        "node": ">=22.13.0"
      }
    }
  }
}
